// !$*UTF8*$!
{
	archiveVersion = 1;
	classes = {
	};
	objectVersion = 48;
	objects = {

/* Begin PBXBuildFile section */
		198A3C9D20BFE0E500FCE317 /* main.cpp in Sources */ = {isa = PBXBuildFile; fileRef = 198A3C9C20BFE0E500FCE317 /* main.cpp */; };
		198A3CA720BFE13900FCE317 /* libglfw3.a in Frameworks */ = {isa = PBXBuildFile; fileRef = 198A3CA620BFE13900FCE317 /* libglfw3.a */; };
		198A3CB920BFE4C900FCE317 /* glad.c in Sources */ = {isa = PBXBuildFile; fileRef = 198A3CB820BFE4C900FCE317 /* glad.c */; };
		198A3CBE20BFEC0900FCE317 /* IOKit.framework in Frameworks */ = {isa = PBXBuildFile; fileRef = 198A3CBD20BFEC0900FCE317 /* IOKit.framework */; };
		198A3CC020BFEC1900FCE317 /* Cocoa.framework in Frameworks */ = {isa = PBXBuildFile; fileRef = 198A3CBF20BFEC1900FCE317 /* Cocoa.framework */; };
		198A3CC220BFEC2700FCE317 /* CoreVideo.framework in Frameworks */ = {isa = PBXBuildFile; fileRef = 198A3CC120BFEC2700FCE317 /* CoreVideo.framework */; };
/* End PBXBuildFile section */

/* Begin PBXCopyFilesBuildPhase section */
		198A3C9720BFE0E500FCE317 /* CopyFiles */ = {
			isa = PBXCopyFilesBuildPhase;
			buildActionMask = 2147483647;
			dstPath = /usr/share/man/man1/;
			dstSubfolderSpec = 0;
			files = (
			);
			runOnlyForDeploymentPostprocessing = 1;
		};
/* End PBXCopyFilesBuildPhase section */

/* Begin PBXFileReference section */
		198A3C9920BFE0E500FCE317 /* 1 Hello Window */ = {isa = PBXFileReference; explicitFileType = "compiled.mach-o.executable"; includeInIndex = 0; path = "1 Hello Window"; sourceTree = BUILT_PRODUCTS_DIR; };
		198A3C9C20BFE0E500FCE317 /* main.cpp */ = {isa = PBXFileReference; lastKnownFileType = sourcecode.cpp.cpp; path = main.cpp; sourceTree = "<group>"; };
		198A3CA420BFE13900FCE317 /* glfw3.h */ = {isa = PBXFileReference; fileEncoding = 4; lastKnownFileType = sourcecode.c.h; path = glfw3.h; sourceTree = "<group>"; };
		198A3CA520BFE13900FCE317 /* glfw3native.h */ = {isa = PBXFileReference; fileEncoding = 4; lastKnownFileType = sourcecode.c.h; path = glfw3native.h; sourceTree = "<group>"; };
		198A3CA620BFE13900FCE317 /* libglfw3.a */ = {isa = PBXFileReference; lastKnownFileType = archive.ar; path = libglfw3.a; sourceTree = "<group>"; };
		198A3CB420BFE4C900FCE317 /* khrplatform.h */ = {isa = PBXFileReference; fileEncoding = 4; lastKnownFileType = sourcecode.c.h; path = khrplatform.h; sourceTree = "<group>"; };
		198A3CB620BFE4C900FCE317 /* glad.h */ = {isa = PBXFileReference; fileEncoding = 4; lastKnownFileType = sourcecode.c.h; path = glad.h; sourceTree = "<group>"; };
		198A3CB820BFE4C900FCE317 /* glad.c */ = {isa = PBXFileReference; fileEncoding = 4; lastKnownFileType = sourcecode.c.c; path = glad.c; sourceTree = "<group>"; };
		198A3CBB20BFEBF800FCE317 /* OpenGL.framework */ = {isa = PBXFileReference; lastKnownFileType = wrapper.framework; name = OpenGL.framework; path = System/Library/Frameworks/OpenGL.framework; sourceTree = SDKROOT; };
		198A3CBD20BFEC0900FCE317 /* IOKit.framework */ = {isa = PBXFileReference; lastKnownFileType = wrapper.framework; name = IOKit.framework; path = System/Library/Frameworks/IOKit.framework; sourceTree = SDKROOT; };
		198A3CBF20BFEC1900FCE317 /* Cocoa.framework */ = {isa = PBXFileReference; lastKnownFileType = wrapper.framework; name = Cocoa.framework; path = System/Library/Frameworks/Cocoa.framework; sourceTree = SDKROOT; };
		198A3CC120BFEC2700FCE317 /* CoreVideo.framework */ = {isa = PBXFileReference; lastKnownFileType = wrapper.framework; name = CoreVideo.framework; path = System/Library/Frameworks/CoreVideo.framework; sourceTree = SDKROOT; };
/* End PBXFileReference section */

/* Begin PBXFrameworksBuildPhase section */
		198A3C9620BFE0E500FCE317 /* Frameworks */ = {
			isa = PBXFrameworksBuildPhase;
			buildActionMask = 2147483647;
			files = (
				198A3CC220BFEC2700FCE317 /* CoreVideo.framework in Frameworks */,
				198A3CC020BFEC1900FCE317 /* Cocoa.framework in Frameworks */,
				198A3CBE20BFEC0900FCE317 /* IOKit.framework in Frameworks */,
				198A3CA720BFE13900FCE317 /* libglfw3.a in Frameworks */,
			);
			runOnlyForDeploymentPostprocessing = 0;
		};
/* End PBXFrameworksBuildPhase section */

/* Begin PBXGroup section */
		198A3C9020BFE0E500FCE317 = {
			isa = PBXGroup;
			children = (
				198A3CB120BFE4C900FCE317 /* glad */,
				198A3CA320BFE13900FCE317 /* GLFW */,
				198A3C9B20BFE0E500FCE317 /* 1 Hello Window */,
				198A3C9A20BFE0E500FCE317 /* Products */,
				198A3CBA20BFEBF800FCE317 /* Frameworks */,
			);
			sourceTree = "<group>";
		};
		198A3C9A20BFE0E500FCE317 /* Products */ = {
			isa = PBXGroup;
			children = (
				198A3C9920BFE0E500FCE317 /* 1 Hello Window */,
			);
			name = Products;
			sourceTree = "<group>";
		};
		198A3C9B20BFE0E500FCE317 /* 1 Hello Window */ = {
			isa = PBXGroup;
			children = (
				198A3C9C20BFE0E500FCE317 /* main.cpp */,
			);
			path = "1 Hello Window";
			sourceTree = "<group>";
		};
		198A3CA320BFE13900FCE317 /* GLFW */ = {
			isa = PBXGroup;
			children = (
				198A3CA420BFE13900FCE317 /* glfw3.h */,
				198A3CA520BFE13900FCE317 /* glfw3native.h */,
				198A3CA620BFE13900FCE317 /* libglfw3.a */,
			);
			path = GLFW;
			sourceTree = "<group>";
		};
		198A3CB120BFE4C900FCE317 /* glad */ = {
			isa = PBXGroup;
			children = (
				198A3CB220BFE4C900FCE317 /* include */,
				198A3CB720BFE4C900FCE317 /* src */,
			);
			path = glad;
			sourceTree = "<group>";
		};
		198A3CB220BFE4C900FCE317 /* include */ = {
			isa = PBXGroup;
			children = (
				198A3CB320BFE4C900FCE317 /* KHR */,
				198A3CB520BFE4C900FCE317 /* glad */,
			);
			path = include;
			sourceTree = "<group>";
		};
		198A3CB320BFE4C900FCE317 /* KHR */ = {
			isa = PBXGroup;
			children = (
				198A3CB420BFE4C900FCE317 /* khrplatform.h */,
			);
			path = KHR;
			sourceTree = "<group>";
		};
		198A3CB520BFE4C900FCE317 /* glad */ = {
			isa = PBXGroup;
			children = (
				198A3CB620BFE4C900FCE317 /* glad.h */,
			);
			path = glad;
			sourceTree = "<group>";
		};
		198A3CB720BFE4C900FCE317 /* src */ = {
			isa = PBXGroup;
			children = (
				198A3CB820BFE4C900FCE317 /* glad.c */,
			);
			path = src;
			sourceTree = "<group>";
		};
		198A3CBA20BFEBF800FCE317 /* Frameworks */ = {
			isa = PBXGroup;
			children = (
				198A3CC120BFEC2700FCE317 /* CoreVideo.framework */,
				198A3CBF20BFEC1900FCE317 /* Cocoa.framework */,
				198A3CBD20BFEC0900FCE317 /* IOKit.framework */,
				198A3CBB20BFEBF800FCE317 /* OpenGL.framework */,
			);
			name = Frameworks;
			sourceTree = "<group>";
		};
/* End PBXGroup section */

/* Begin PBXNativeTarget section */
		198A3C9820BFE0E500FCE317 /* 1 Hello Window */ = {
			isa = PBXNativeTarget;
			buildConfigurationList = 198A3CA020BFE0E500FCE317 /* Build configuration list for PBXNativeTarget "1 Hello Window" */;
			buildPhases = (
				198A3C9520BFE0E500FCE317 /* Sources */,
				198A3C9620BFE0E500FCE317 /* Frameworks */,
				198A3C9720BFE0E500FCE317 /* CopyFiles */,
			);
			buildRules = (
			);
			dependencies = (
			);
			name = "1 Hello Window";
			productName = "1 Hello Window";
			productReference = 198A3C9920BFE0E500FCE317 /* 1 Hello Window */;
			productType = "com.apple.product-type.tool";
		};
/* End PBXNativeTarget section */

/* Begin PBXProject section */
		198A3C9120BFE0E500FCE317 /* Project object */ = {
			isa = PBXProject;
			attributes = {
				LastUpgradeCheck = 0920;
				ORGANIZATIONNAME = Raysharp666;
				TargetAttributes = {
					198A3C9820BFE0E500FCE317 = {
						CreatedOnToolsVersion = 9.2;
						ProvisioningStyle = Automatic;
					};
				};
			};
			buildConfigurationList = 198A3C9420BFE0E500FCE317 /* Build configuration list for PBXProject "1 Hello Window" */;
			compatibilityVersion = "Xcode 8.0";
			developmentRegion = en;
			hasScannedForEncodings = 0;
			knownRegions = (
				en,
			);
			mainGroup = 198A3C9020BFE0E500FCE317;
			productRefGroup = 198A3C9A20BFE0E500FCE317 /* Products */;
			projectDirPath = "";
			projectRoot = "";
			targets = (
				198A3C9820BFE0E500FCE317 /* 1 Hello Window */,
			);
		};
/* End PBXProject section */

/* Begin PBXSourcesBuildPhase section */
		198A3C9520BFE0E500FCE317 /* Sources */ = {
			isa = PBXSourcesBuildPhase;
			buildActionMask = 2147483647;
			files = (
				198A3C9D20BFE0E500FCE317 /* main.cpp in Sources */,
				198A3CB920BFE4C900FCE317 /* glad.c in Sources */,
			);
			runOnlyForDeploymentPostprocessing = 0;
		};
/* End PBXSourcesBuildPhase section */

/* Begin XCBuildConfiguration section */
		198A3C9E20BFE0E500FCE317 /* Debug */ = {
			isa = XCBuildConfiguration;
			buildSettings = {
				ALWAYS_SEARCH_USER_PATHS = NO;
				CLANG_ANALYZER_NONNULL = YES;
				CLANG_ANALYZER_NUMBER_OBJECT_CONVERSION = YES_AGGRESSIVE;
				CLANG_CXX_LANGUAGE_STANDARD = "gnu++14";
				CLANG_CXX_LIBRARY = "libc++";
				CLANG_ENABLE_MODULES = YES;
				CLANG_ENABLE_OBJC_ARC = YES;
				CLANG_WARN_BLOCK_CAPTURE_AUTORELEASING = YES;
				CLANG_WARN_BOOL_CONVERSION = YES;
				CLANG_WARN_COMMA = YES;
				CLANG_WARN_CONSTANT_CONVERSION = YES;
				CLANG_WARN_DIRECT_OBJC_ISA_USAGE = YES_ERROR;
				CLANG_WARN_DOCUMENTATION_COMMENTS = YES;
				CLANG_WARN_EMPTY_BODY = YES;
				CLANG_WARN_ENUM_CONVERSION = YES;
				CLANG_WARN_INFINITE_RECURSION = YES;
				CLANG_WARN_INT_CONVERSION = YES;
				CLANG_WARN_NON_LITERAL_NULL_CONVERSION = YES;
				CLANG_WARN_OBJC_LITERAL_CONVERSION = YES;
				CLANG_WARN_OBJC_ROOT_CLASS = YES_ERROR;
				CLANG_WARN_RANGE_LOOP_ANALYSIS = YES;
				CLANG_WARN_STRICT_PROTOTYPES = YES;
				CLANG_WARN_SUSPICIOUS_MOVE = YES;
				CLANG_WARN_UNGUARDED_AVAILABILITY = YES_AGGRESSIVE;
				CLANG_WARN_UNREACHABLE_CODE = YES;
				CLANG_WARN__DUPLICATE_METHOD_MATCH = YES;
				CODE_SIGN_IDENTITY = "-";
				COPY_PHASE_STRIP = NO;
				DEBUG_INFORMATION_FORMAT = dwarf;
				ENABLE_STRICT_OBJC_MSGSEND = YES;
				ENABLE_TESTABILITY = YES;
				GCC_C_LANGUAGE_STANDARD = gnu11;
				GCC_DYNAMIC_NO_PIC = NO;
				GCC_NO_COMMON_BLOCKS = YES;
				GCC_OPTIMIZATION_LEVEL = 0;
				GCC_PREPROCESSOR_DEFINITIONS = (
					"DEBUG=1",
					"$(inherited)",
				);
				GCC_WARN_64_TO_32_BIT_CONVERSION = YES;
				GCC_WARN_ABOUT_RETURN_TYPE = YES_ERROR;
				GCC_WARN_UNDECLARED_SELECTOR = YES;
				GCC_WARN_UNINITIALIZED_AUTOS = YES_AGGRESSIVE;
				GCC_WARN_UNUSED_FUNCTION = YES;
				GCC_WARN_UNUSED_VARIABLE = YES;
				MACOSX_DEPLOYMENT_TARGET = 10.13;
				MTL_ENABLE_DEBUG_INFO = YES;
				ONLY_ACTIVE_ARCH = YES;
				SDKROOT = macosx;
			};
			name = Debug;
		};
		198A3C9F20BFE0E500FCE317 /* Release */ = {
			isa = XCBuildConfiguration;
			buildSettings = {
				ALWAYS_SEARCH_USER_PATHS = NO;
				CLANG_ANALYZER_NONNULL = YES;
				CLANG_ANALYZER_NUMBER_OBJECT_CONVERSION = YES_AGGRESSIVE;
				CLANG_CXX_LANGUAGE_STANDARD = "gnu++14";
				CLANG_CXX_LIBRARY = "libc++";
				CLANG_ENABLE_MODULES = YES;
				CLANG_ENABLE_OBJC_ARC = YES;
				CLANG_WARN_BLOCK_CAPTURE_AUTORELEASING = YES;
				CLANG_WARN_BOOL_CONVERSION = YES;
				CLANG_WARN_COMMA = YES;
				CLANG_WARN_CONSTANT_CONVERSION = YES;
				CLANG_WARN_DIRECT_OBJC_ISA_USAGE = YES_ERROR;
				CLANG_WARN_DOCUMENTATION_COMMENTS = YES;
				CLANG_WARN_EMPTY_BODY = YES;
				CLANG_WARN_ENUM_CONVERSION = YES;
				CLANG_WARN_INFINITE_RECURSION = YES;
				CLANG_WARN_INT_CONVERSION = YES;
				CLANG_WARN_NON_LITERAL_NULL_CONVERSION = YES;
				CLANG_WARN_OBJC_LITERAL_CONVERSION = YES;
				CLANG_WARN_OBJC_ROOT_CLASS = YES_ERROR;
				CLANG_WARN_RANGE_LOOP_ANALYSIS = YES;
				CLANG_WARN_STRICT_PROTOTYPES = YES;
				CLANG_WARN_SUSPICIOUS_MOVE = YES;
				CLANG_WARN_UNGUARDED_AVAILABILITY = YES_AGGRESSIVE;
				CLANG_WARN_UNREACHABLE_CODE = YES;
				CLANG_WARN__DUPLICATE_METHOD_MATCH = YES;
				CODE_SIGN_IDENTITY = "-";
				COPY_PHASE_STRIP = NO;
				DEBUG_INFORMATION_FORMAT = "dwarf-with-dsym";
				ENABLE_NS_ASSERTIONS = NO;
				ENABLE_STRICT_OBJC_MSGSEND = YES;
				GCC_C_LANGUAGE_STANDARD = gnu11;
				GCC_NO_COMMON_BLOCKS = YES;
				GCC_WARN_64_TO_32_BIT_CONVERSION = YES;
				GCC_WARN_ABOUT_RETURN_TYPE = YES_ERROR;
				GCC_WARN_UNDECLARED_SELECTOR = YES;
				GCC_WARN_UNINITIALIZED_AUTOS = YES_AGGRESSIVE;
				GCC_WARN_UNUSED_FUNCTION = YES;
				GCC_WARN_UNUSED_VARIABLE = YES;
				MACOSX_DEPLOYMENT_TARGET = 10.13;
				MTL_ENABLE_DEBUG_INFO = NO;
				SDKROOT = macosx;
			};
			name = Release;
		};
		198A3CA120BFE0E500FCE317 /* Debug */ = {
			isa = XCBuildConfiguration;
			buildSettings = {
				CODE_SIGN_STYLE = Automatic;
				HEADER_SEARCH_PATHS = (
					"\"$(SRCROOT)/glad/include\"",
					"\"$(SRCROOT)/GLFW\"",
				);
				LIBRARY_SEARCH_PATHS = (
					"$(inherited)",
					"$(PROJECT_DIR)/GLFW",
				);
				PRODUCT_NAME = "$(TARGET_NAME)";
			};
			name = Debug;
		};
		198A3CA220BFE0E500FCE317 /* Release */ = {
			isa = XCBuildConfiguration;
			buildSettings = {
				CODE_SIGN_STYLE = Automatic;
				HEADER_SEARCH_PATHS = (
					"\"$(SRCROOT)/glad/include\"",
					"\"$(SRCROOT)/GLFW\"",
				);
				LIBRARY_SEARCH_PATHS = (
					"$(inherited)",
					"$(PROJECT_DIR)/GLFW",
				);
				PRODUCT_NAME = "$(TARGET_NAME)";
			};
			name = Release;
		};
/* End XCBuildConfiguration section */

/* Begin XCConfigurationList section */
		198A3C9420BFE0E500FCE317 /* Build configuration list for PBXProject "1 Hello Window" */ = {
			isa = XCConfigurationList;
			buildConfigurations = (
				198A3C9E20BFE0E500FCE317 /* Debug */,
				198A3C9F20BFE0E500FCE317 /* Release */,
			);
			defaultConfigurationIsVisible = 0;
			defaultConfigurationName = Release;
		};
		198A3CA020BFE0E500FCE317 /* Build configuration list for PBXNativeTarget "1 Hello Window" */ = {
			isa = XCConfigurationList;
			buildConfigurations = (
				198A3CA120BFE0E500FCE317 /* Debug */,
				198A3CA220BFE0E500FCE317 /* Release */,
			);
			defaultConfigurationIsVisible = 0;
			defaultConfigurationName = Release;
		};
/* End XCConfigurationList section */
	};
	rootObject = 198A3C9120BFE0E500FCE317 /* Project object */;
}
