// !$*UTF8*$!
{
	archiveVersion = 1;
	classes = {
	};
	objectVersion = 48;
	objects = {

/* Begin PBXBuildFile section */
		1968BC6020C2732C0099EDAD /* IOKit.framework in Frameworks */ = {isa = PBXBuildFile; fileRef = 1968BC5F20C2732C0099EDAD /* IOKit.framework */; };
		1968BC6220C273450099EDAD /* CoreVideo.framework in Frameworks */ = {isa = PBXBuildFile; fileRef = 1968BC6120C273450099EDAD /* CoreVideo.framework */; };
		1968BC6420C2734C0099EDAD /* Cocoa.framework in Frameworks */ = {isa = PBXBuildFile; fileRef = 1968BC6320C2734C0099EDAD /* Cocoa.framework */; };
		1968BC7120C273F20099EDAD /* libglfw3.a in Frameworks */ = {isa = PBXBuildFile; fileRef = 1968BC6820C273F20099EDAD /* libglfw3.a */; };
		1968BC7220C273F20099EDAD /* glad.c in Sources */ = {isa = PBXBuildFile; fileRef = 1968BC7020C273F20099EDAD /* glad.c */; };
		1968BC7520C2749B0099EDAD /* LYWindow.cpp in Sources */ = {isa = PBXBuildFile; fileRef = 1968BC7320C2749B0099EDAD /* LYWindow.cpp */; };
		1971BE3A20C13EF800BC2932 /* main.cpp in Sources */ = {isa = PBXBuildFile; fileRef = 1971BE3920C13EF800BC2932 /* main.cpp */; };
/* End PBXBuildFile section */

/* Begin PBXCopyFilesBuildPhase section */
		1971BE3420C13EF800BC2932 /* CopyFiles */ = {
			isa = PBXCopyFilesBuildPhase;
			buildActionMask = 2147483647;
			dstPath = /usr/share/man/man1/;
			dstSubfolderSpec = 0;
			files = (
			);
			runOnlyForDeploymentPostprocessing = 1;
		};
/* End PBXCopyFilesBuildPhase section */

/* Begin PBXFileReference section */
		1968BC5F20C2732C0099EDAD /* IOKit.framework */ = {isa = PBXFileReference; lastKnownFileType = wrapper.framework; name = IOKit.framework; path = System/Library/Frameworks/IOKit.framework; sourceTree = SDKROOT; };
		1968BC6120C273450099EDAD /* CoreVideo.framework */ = {isa = PBXFileReference; lastKnownFileType = wrapper.framework; name = CoreVideo.framework; path = System/Library/Frameworks/CoreVideo.framework; sourceTree = SDKROOT; };
		1968BC6320C2734C0099EDAD /* Cocoa.framework */ = {isa = PBXFileReference; lastKnownFileType = wrapper.framework; name = Cocoa.framework; path = System/Library/Frameworks/Cocoa.framework; sourceTree = SDKROOT; };
		1968BC6620C273F20099EDAD /* glfw3.h */ = {isa = PBXFileReference; fileEncoding = 4; lastKnownFileType = sourcecode.c.h; path = glfw3.h; sourceTree = "<group>"; };
		1968BC6720C273F20099EDAD /* glfw3native.h */ = {isa = PBXFileReference; fileEncoding = 4; lastKnownFileType = sourcecode.c.h; path = glfw3native.h; sourceTree = "<group>"; };
		1968BC6820C273F20099EDAD /* libglfw3.a */ = {isa = PBXFileReference; lastKnownFileType = archive.ar; path = libglfw3.a; sourceTree = "<group>"; };
		1968BC6C20C273F20099EDAD /* khrplatform.h */ = {isa = PBXFileReference; fileEncoding = 4; lastKnownFileType = sourcecode.c.h; path = khrplatform.h; sourceTree = "<group>"; };
		1968BC6E20C273F20099EDAD /* glad.h */ = {isa = PBXFileReference; fileEncoding = 4; lastKnownFileType = sourcecode.c.h; path = glad.h; sourceTree = "<group>"; };
		1968BC7020C273F20099EDAD /* glad.c */ = {isa = PBXFileReference; fileEncoding = 4; lastKnownFileType = sourcecode.c.c; path = glad.c; sourceTree = "<group>"; };
		1968BC7320C2749B0099EDAD /* LYWindow.cpp */ = {isa = PBXFileReference; lastKnownFileType = sourcecode.cpp.cpp; path = LYWindow.cpp; sourceTree = "<group>"; };
		1968BC7420C2749B0099EDAD /* LYWindow.hpp */ = {isa = PBXFileReference; lastKnownFileType = sourcecode.cpp.h; path = LYWindow.hpp; sourceTree = "<group>"; };
		1971BE3620C13EF800BC2932 /* 1 Hello Window Exercises */ = {isa = PBXFileReference; explicitFileType = "compiled.mach-o.executable"; includeInIndex = 0; path = "1 Hello Window Exercises"; sourceTree = BUILT_PRODUCTS_DIR; };
		1971BE3920C13EF800BC2932 /* main.cpp */ = {isa = PBXFileReference; lastKnownFileType = sourcecode.cpp.cpp; path = main.cpp; sourceTree = "<group>"; };
/* End PBXFileReference section */

/* Begin PBXFrameworksBuildPhase section */
		1971BE3320C13EF800BC2932 /* Frameworks */ = {
			isa = PBXFrameworksBuildPhase;
			buildActionMask = 2147483647;
			files = (
				1968BC6420C2734C0099EDAD /* Cocoa.framework in Frameworks */,
				1968BC6220C273450099EDAD /* CoreVideo.framework in Frameworks */,
				1968BC6020C2732C0099EDAD /* IOKit.framework in Frameworks */,
				1968BC7120C273F20099EDAD /* libglfw3.a in Frameworks */,
			);
			runOnlyForDeploymentPostprocessing = 0;
		};
/* End PBXFrameworksBuildPhase section */

/* Begin PBXGroup section */
		1968BC5E20C2732B0099EDAD /* Frameworks */ = {
			isa = PBXGroup;
			children = (
				1968BC6320C2734C0099EDAD /* Cocoa.framework */,
				1968BC6120C273450099EDAD /* CoreVideo.framework */,
				1968BC5F20C2732C0099EDAD /* IOKit.framework */,
			);
			name = Frameworks;
			sourceTree = "<group>";
		};
		1968BC6520C273F20099EDAD /* GLFW */ = {
			isa = PBXGroup;
			children = (
				1968BC6620C273F20099EDAD /* glfw3.h */,
				1968BC6720C273F20099EDAD /* glfw3native.h */,
				1968BC6820C273F20099EDAD /* libglfw3.a */,
			);
			path = GLFW;
			sourceTree = "<group>";
		};
		1968BC6920C273F20099EDAD /* glad */ = {
			isa = PBXGroup;
			children = (
				1968BC6A20C273F20099EDAD /* include */,
				1968BC6F20C273F20099EDAD /* src */,
			);
			path = glad;
			sourceTree = "<group>";
		};
		1968BC6A20C273F20099EDAD /* include */ = {
			isa = PBXGroup;
			children = (
				1968BC6B20C273F20099EDAD /* KHR */,
				1968BC6D20C273F20099EDAD /* glad */,
			);
			path = include;
			sourceTree = "<group>";
		};
		1968BC6B20C273F20099EDAD /* KHR */ = {
			isa = PBXGroup;
			children = (
				1968BC6C20C273F20099EDAD /* khrplatform.h */,
			);
			path = KHR;
			sourceTree = "<group>";
		};
		1968BC6D20C273F20099EDAD /* glad */ = {
			isa = PBXGroup;
			children = (
				1968BC6E20C273F20099EDAD /* glad.h */,
			);
			path = glad;
			sourceTree = "<group>";
		};
		1968BC6F20C273F20099EDAD /* src */ = {
			isa = PBXGroup;
			children = (
				1968BC7020C273F20099EDAD /* glad.c */,
			);
			path = src;
			sourceTree = "<group>";
		};
		1971BE2D20C13EF800BC2932 = {
			isa = PBXGroup;
			children = (
				1968BC6920C273F20099EDAD /* glad */,
				1968BC6520C273F20099EDAD /* GLFW */,
				1971BE3820C13EF800BC2932 /* 1 Hello Window Exercises */,
				1971BE3720C13EF800BC2932 /* Products */,
				1968BC5E20C2732B0099EDAD /* Frameworks */,
			);
			sourceTree = "<group>";
		};
		1971BE3720C13EF800BC2932 /* Products */ = {
			isa = PBXGroup;
			children = (
				1971BE3620C13EF800BC2932 /* 1 Hello Window Exercises */,
			);
			name = Products;
			sourceTree = "<group>";
		};
		1971BE3820C13EF800BC2932 /* 1 Hello Window Exercises */ = {
			isa = PBXGroup;
			children = (
				1971BE3920C13EF800BC2932 /* main.cpp */,
				1968BC7320C2749B0099EDAD /* LYWindow.cpp */,
				1968BC7420C2749B0099EDAD /* LYWindow.hpp */,
			);
			path = "1 Hello Window Exercises";
			sourceTree = "<group>";
		};
/* End PBXGroup section */

/* Begin PBXNativeTarget section */
		1971BE3520C13EF800BC2932 /* 1 Hello Window Exercises */ = {
			isa = PBXNativeTarget;
			buildConfigurationList = 1971BE3D20C13EF800BC2932 /* Build configuration list for PBXNativeTarget "1 Hello Window Exercises" */;
			buildPhases = (
				1971BE3220C13EF800BC2932 /* Sources */,
				1971BE3320C13EF800BC2932 /* Frameworks */,
				1971BE3420C13EF800BC2932 /* CopyFiles */,
			);
			buildRules = (
			);
			dependencies = (
			);
			name = "1 Hello Window Exercises";
			productName = "1 Hello Window Exercises";
			productReference = 1971BE3620C13EF800BC2932 /* 1 Hello Window Exercises */;
			productType = "com.apple.product-type.tool";
		};
/* End PBXNativeTarget section */

/* Begin PBXProject section */
		1971BE2E20C13EF800BC2932 /* Project object */ = {
			isa = PBXProject;
			attributes = {
				LastUpgradeCheck = 0920;
				ORGANIZATIONNAME = LyongY;
				TargetAttributes = {
					1971BE3520C13EF800BC2932 = {
						CreatedOnToolsVersion = 9.2;
						ProvisioningStyle = Automatic;
					};
				};
			};
			buildConfigurationList = 1971BE3120C13EF800BC2932 /* Build configuration list for PBXProject "1 Hello Window Exercises" */;
			compatibilityVersion = "Xcode 8.0";
			developmentRegion = en;
			hasScannedForEncodings = 0;
			knownRegions = (
				en,
			);
			mainGroup = 1971BE2D20C13EF800BC2932;
			productRefGroup = 1971BE3720C13EF800BC2932 /* Products */;
			projectDirPath = "";
			projectRoot = "";
			targets = (
				1971BE3520C13EF800BC2932 /* 1 Hello Window Exercises */,
			);
		};
/* End PBXProject section */

/* Begin PBXSourcesBuildPhase section */
		1971BE3220C13EF800BC2932 /* Sources */ = {
			isa = PBXSourcesBuildPhase;
			buildActionMask = 2147483647;
			files = (
				1968BC7520C2749B0099EDAD /* LYWindow.cpp in Sources */,
				1971BE3A20C13EF800BC2932 /* main.cpp in Sources */,
				1968BC7220C273F20099EDAD /* glad.c in Sources */,
			);
			runOnlyForDeploymentPostprocessing = 0;
		};
/* End PBXSourcesBuildPhase section */

/* Begin XCBuildConfiguration section */
		1971BE3B20C13EF800BC2932 /* Debug */ = {
			isa = XCBuildConfiguration;
			buildSettings = {
				ALWAYS_SEARCH_USER_PATHS = NO;
				CLANG_ANALYZER_NONNULL = YES;
				CLANG_ANALYZER_NUMBER_OBJECT_CONVERSION = YES_AGGRESSIVE;
				CLANG_CXX_LANGUAGE_STANDARD = "gnu++14";
				CLANG_CXX_LIBRARY = "libc++";
				CLANG_ENABLE_MODULES = YES;
				CLANG_ENABLE_OBJC_ARC = YES;
				CLANG_WARN_BLOCK_CAPTURE_AUTORELEASING = YES;
				CLANG_WARN_BOOL_CONVERSION = YES;
				CLANG_WARN_COMMA = YES;
				CLANG_WARN_CONSTANT_CONVERSION = YES;
				CLANG_WARN_DIRECT_OBJC_ISA_USAGE = YES_ERROR;
				CLANG_WARN_DOCUMENTATION_COMMENTS = YES;
				CLANG_WARN_EMPTY_BODY = YES;
				CLANG_WARN_ENUM_CONVERSION = YES;
				CLANG_WARN_INFINITE_RECURSION = YES;
				CLANG_WARN_INT_CONVERSION = YES;
				CLANG_WARN_NON_LITERAL_NULL_CONVERSION = YES;
				CLANG_WARN_OBJC_LITERAL_CONVERSION = YES;
				CLANG_WARN_OBJC_ROOT_CLASS = YES_ERROR;
				CLANG_WARN_RANGE_LOOP_ANALYSIS = YES;
				CLANG_WARN_STRICT_PROTOTYPES = YES;
				CLANG_WARN_SUSPICIOUS_MOVE = YES;
				CLANG_WARN_UNGUARDED_AVAILABILITY = YES_AGGRESSIVE;
				CLANG_WARN_UNREACHABLE_CODE = YES;
				CLANG_WARN__DUPLICATE_METHOD_MATCH = YES;
				CODE_SIGN_IDENTITY = "-";
				COPY_PHASE_STRIP = NO;
				DEBUG_INFORMATION_FORMAT = dwarf;
				ENABLE_STRICT_OBJC_MSGSEND = YES;
				ENABLE_TESTABILITY = YES;
				GCC_C_LANGUAGE_STANDARD = gnu11;
				GCC_DYNAMIC_NO_PIC = NO;
				GCC_NO_COMMON_BLOCKS = YES;
				GCC_OPTIMIZATION_LEVEL = 0;
				GCC_PREPROCESSOR_DEFINITIONS = (
					"DEBUG=1",
					"$(inherited)",
				);
				GCC_WARN_64_TO_32_BIT_CONVERSION = YES;
				GCC_WARN_ABOUT_RETURN_TYPE = YES_ERROR;
				GCC_WARN_UNDECLARED_SELECTOR = YES;
				GCC_WARN_UNINITIALIZED_AUTOS = YES_AGGRESSIVE;
				GCC_WARN_UNUSED_FUNCTION = YES;
				GCC_WARN_UNUSED_VARIABLE = YES;
				MACOSX_DEPLOYMENT_TARGET = 10.13;
				MTL_ENABLE_DEBUG_INFO = YES;
				ONLY_ACTIVE_ARCH = YES;
				SDKROOT = macosx;
			};
			name = Debug;
		};
		1971BE3C20C13EF800BC2932 /* Release */ = {
			isa = XCBuildConfiguration;
			buildSettings = {
				ALWAYS_SEARCH_USER_PATHS = NO;
				CLANG_ANALYZER_NONNULL = YES;
				CLANG_ANALYZER_NUMBER_OBJECT_CONVERSION = YES_AGGRESSIVE;
				CLANG_CXX_LANGUAGE_STANDARD = "gnu++14";
				CLANG_CXX_LIBRARY = "libc++";
				CLANG_ENABLE_MODULES = YES;
				CLANG_ENABLE_OBJC_ARC = YES;
				CLANG_WARN_BLOCK_CAPTURE_AUTORELEASING = YES;
				CLANG_WARN_BOOL_CONVERSION = YES;
				CLANG_WARN_COMMA = YES;
				CLANG_WARN_CONSTANT_CONVERSION = YES;
				CLANG_WARN_DIRECT_OBJC_ISA_USAGE = YES_ERROR;
				CLANG_WARN_DOCUMENTATION_COMMENTS = YES;
				CLANG_WARN_EMPTY_BODY = YES;
				CLANG_WARN_ENUM_CONVERSION = YES;
				CLANG_WARN_INFINITE_RECURSION = YES;
				CLANG_WARN_INT_CONVERSION = YES;
				CLANG_WARN_NON_LITERAL_NULL_CONVERSION = YES;
				CLANG_WARN_OBJC_LITERAL_CONVERSION = YES;
				CLANG_WARN_OBJC_ROOT_CLASS = YES_ERROR;
				CLANG_WARN_RANGE_LOOP_ANALYSIS = YES;
				CLANG_WARN_STRICT_PROTOTYPES = YES;
				CLANG_WARN_SUSPICIOUS_MOVE = YES;
				CLANG_WARN_UNGUARDED_AVAILABILITY = YES_AGGRESSIVE;
				CLANG_WARN_UNREACHABLE_CODE = YES;
				CLANG_WARN__DUPLICATE_METHOD_MATCH = YES;
				CODE_SIGN_IDENTITY = "-";
				COPY_PHASE_STRIP = NO;
				DEBUG_INFORMATION_FORMAT = "dwarf-with-dsym";
				ENABLE_NS_ASSERTIONS = NO;
				ENABLE_STRICT_OBJC_MSGSEND = YES;
				GCC_C_LANGUAGE_STANDARD = gnu11;
				GCC_NO_COMMON_BLOCKS = YES;
				GCC_WARN_64_TO_32_BIT_CONVERSION = YES;
				GCC_WARN_ABOUT_RETURN_TYPE = YES_ERROR;
				GCC_WARN_UNDECLARED_SELECTOR = YES;
				GCC_WARN_UNINITIALIZED_AUTOS = YES_AGGRESSIVE;
				GCC_WARN_UNUSED_FUNCTION = YES;
				GCC_WARN_UNUSED_VARIABLE = YES;
				MACOSX_DEPLOYMENT_TARGET = 10.13;
				MTL_ENABLE_DEBUG_INFO = NO;
				SDKROOT = macosx;
			};
			name = Release;
		};
		1971BE3E20C13EF800BC2932 /* Debug */ = {
			isa = XCBuildConfiguration;
			buildSettings = {
				CODE_SIGN_STYLE = Automatic;
				HEADER_SEARCH_PATHS = (
					"\"$(SRCROOT)/glad/include\"",
					"\"$(SRCROOT)/GLFW\"",
				);
				LIBRARY_SEARCH_PATHS = (
					"$(inherited)",
					"$(PROJECT_DIR)/GLFW",
				);
				PRODUCT_NAME = "$(TARGET_NAME)";
			};
			name = Debug;
		};
		1971BE3F20C13EF800BC2932 /* Release */ = {
			isa = XCBuildConfiguration;
			buildSettings = {
				CODE_SIGN_STYLE = Automatic;
				HEADER_SEARCH_PATHS = (
					"\"$(SRCROOT)/glad/include\"",
					"\"$(SRCROOT)/GLFW\"",
				);
				LIBRARY_SEARCH_PATHS = (
					"$(inherited)",
					"$(PROJECT_DIR)/GLFW",
				);
				PRODUCT_NAME = "$(TARGET_NAME)";
			};
			name = Release;
		};
/* End XCBuildConfiguration section */

/* Begin XCConfigurationList section */
		1971BE3120C13EF800BC2932 /* Build configuration list for PBXProject "1 Hello Window Exercises" */ = {
			isa = XCConfigurationList;
			buildConfigurations = (
				1971BE3B20C13EF800BC2932 /* Debug */,
				1971BE3C20C13EF800BC2932 /* Release */,
			);
			defaultConfigurationIsVisible = 0;
			defaultConfigurationName = Release;
		};
		1971BE3D20C13EF800BC2932 /* Build configuration list for PBXNativeTarget "1 Hello Window Exercises" */ = {
			isa = XCConfigurationList;
			buildConfigurations = (
				1971BE3E20C13EF800BC2932 /* Debug */,
				1971BE3F20C13EF800BC2932 /* Release */,
			);
			defaultConfigurationIsVisible = 0;
			defaultConfigurationName = Release;
		};
/* End XCConfigurationList section */
	};
	rootObject = 1971BE2E20C13EF800BC2932 /* Project object */;
}
